
Microsoft Visual Studio Solution File, Format Version 12.00
# Visual Studio Version 16
VisualStudioVersion = 16.0.34031.81
MinimumVisualStudioVersion = 10.0.40219.1
Project("{FAE04EC0-301F-11D3-BF4B-00C04F79EFBC}") = "Main Method Submission", "Main Method Submission\Main Method Submission.csproj", "{6815609B-7980-4316-A93D-7C6688150AF9}"
EndProject
Global
	GlobalSection(SolutionConfigurationPlatforms) = preSolution
		Debug|Any CPU = Debug|Any CPU
		Release|Any CPU = Release|Any CPU
	EndGlobalSection
	GlobalSection(ProjectConfigurationPlatforms) = postSolution
		{6815609B-7980-4316-A93D-7C6688150AF9}.Debug|Any CPU.ActiveCfg = Debug|Any CPU
		{6815609B-7980-4316-A93D-7C6688150AF9}.Debug|Any CPU.Build.0 = Debug|Any CPU
		{6815609B-7980-4316-A93D-7C6688150AF9}.Release|Any CPU.ActiveCfg = Release|Any CPU
		{6815609B-7980-4316-A93D-7C6688150AF9}.Release|Any CPU.Build.0 = Release|Any CPU
	EndGlobalSection
	GlobalSection(SolutionProperties) = preSolution
		HideSolutionNode = FALSE
	EndGlobalSection
	GlobalSection(ExtensibilityGlobals) = postSolution
		SolutionGuid = {B584BDE7-911D-489C-B695-86355FE65D85}
	EndGlobalSection
EndGlobal
