
Microsoft Visual Studio Solution File, Format Version 12.00
# Visual Studio Version 17
VisualStudioVersion = 17.7.34202.233
MinimumVisualStudioVersion = 10.0.40219.1
Project("{FAE04EC0-301F-11D3-BF4B-00C04F79EFBC}") = "Entity Framework Code", "Entity Framework Code\Entity Framework Code.csproj", "{B1F19A83-2924-42CE-AD7D-738E1744CE01}"
EndProject
Global
	GlobalSection(SolutionConfigurationPlatforms) = preSolution
		Debug|Any CPU = Debug|Any CPU
		Release|Any CPU = Release|Any CPU
	EndGlobalSection
	GlobalSection(ProjectConfigurationPlatforms) = postSolution
		{B1F19A83-2924-42CE-AD7D-738E1744CE01}.Debug|Any CPU.ActiveCfg = Debug|Any CPU
		{B1F19A83-2924-42CE-AD7D-738E1744CE01}.Debug|Any CPU.Build.0 = Debug|Any CPU
		{B1F19A83-2924-42CE-AD7D-738E1744CE01}.Release|Any CPU.ActiveCfg = Release|Any CPU
		{B1F19A83-2924-42CE-AD7D-738E1744CE01}.Release|Any CPU.Build.0 = Release|Any CPU
	EndGlobalSection
	GlobalSection(SolutionProperties) = preSolution
		HideSolutionNode = FALSE
	EndGlobalSection
	GlobalSection(ExtensibilityGlobals) = postSolution
		SolutionGuid = {96B0E1DC-E027-4E84-8A47-25A8E2ED9017}
	EndGlobalSection
EndGlobal
