
Microsoft Visual Studio Solution File, Format Version 12.00
# Visual Studio Version 16
VisualStudioVersion = 16.0.34031.81
MinimumVisualStudioVersion = 10.0.40219.1
Project("{FAE04EC0-301F-11D3-BF4B-00C04F79EFBC}") = "DR For TTA", "DR For TTA\DR For TTA.csproj", "{38E98625-0C09-458F-A1C1-814FFE6D843B}"
EndProject
Global
	GlobalSection(SolutionConfigurationPlatforms) = preSolution
		Debug|Any CPU = Debug|Any CPU
		Release|Any CPU = Release|Any CPU
	EndGlobalSection
	GlobalSection(ProjectConfigurationPlatforms) = postSolution
		{38E98625-0C09-458F-A1C1-814FFE6D843B}.Debug|Any CPU.ActiveCfg = Debug|Any CPU
		{38E98625-0C09-458F-A1C1-814FFE6D843B}.Debug|Any CPU.Build.0 = Debug|Any CPU
		{38E98625-0C09-458F-A1C1-814FFE6D843B}.Release|Any CPU.ActiveCfg = Release|Any CPU
		{38E98625-0C09-458F-A1C1-814FFE6D843B}.Release|Any CPU.Build.0 = Release|Any CPU
	EndGlobalSection
	GlobalSection(SolutionProperties) = preSolution
		HideSolutionNode = FALSE
	EndGlobalSection
	GlobalSection(ExtensibilityGlobals) = postSolution
		SolutionGuid = {4389A348-D1D9-444B-AEFC-DA6A1A17EDCA}
	EndGlobalSection
EndGlobal
