
Microsoft Visual Studio Solution File, Format Version 12.00
# Visual Studio Version 16
VisualStudioVersion = 16.0.34031.81
MinimumVisualStudioVersion = 10.0.40219.1
Project("{FAE04EC0-301F-11D3-BF4B-00C04F79EFBC}") = "VartiablesAndDataTypes", "VartiablesAndDataTypes\VartiablesAndDataTypes.csproj", "{79A6D247-388B-463D-847D-074A9112A7EF}"
EndProject
Global
	GlobalSection(SolutionConfigurationPlatforms) = preSolution
		Debug|Any CPU = Debug|Any CPU
		Release|Any CPU = Release|Any CPU
	EndGlobalSection
	GlobalSection(ProjectConfigurationPlatforms) = postSolution
		{79A6D247-388B-463D-847D-074A9112A7EF}.Debug|Any CPU.ActiveCfg = Debug|Any CPU
		{79A6D247-388B-463D-847D-074A9112A7EF}.Debug|Any CPU.Build.0 = Debug|Any CPU
		{79A6D247-388B-463D-847D-074A9112A7EF}.Release|Any CPU.ActiveCfg = Release|Any CPU
		{79A6D247-388B-463D-847D-074A9112A7EF}.Release|Any CPU.Build.0 = Release|Any CPU
	EndGlobalSection
	GlobalSection(SolutionProperties) = preSolution
		HideSolutionNode = FALSE
	EndGlobalSection
	GlobalSection(ExtensibilityGlobals) = postSolution
		SolutionGuid = {F0500077-207D-473C-A68F-2483E2DB2B75}
	EndGlobalSection
EndGlobal
