
Microsoft Visual Studio Solution File, Format Version 12.00
# Visual Studio Version 16
VisualStudioVersion = 16.0.34031.81
MinimumVisualStudioVersion = 10.0.40219.1
Project("{FAE04EC0-301F-11D3-BF4B-00C04F79EFBC}") = "BranchingAssignment", "BranchingAssignment\BranchingAssignment.csproj", "{A29ACA8D-8B0D-44A7-94C8-71C3C8663B7E}"
EndProject
Global
	GlobalSection(SolutionConfigurationPlatforms) = preSolution
		Debug|Any CPU = Debug|Any CPU
		Release|Any CPU = Release|Any CPU
	EndGlobalSection
	GlobalSection(ProjectConfigurationPlatforms) = postSolution
		{A29ACA8D-8B0D-44A7-94C8-71C3C8663B7E}.Debug|Any CPU.ActiveCfg = Debug|Any CPU
		{A29ACA8D-8B0D-44A7-94C8-71C3C8663B7E}.Debug|Any CPU.Build.0 = Debug|Any CPU
		{A29ACA8D-8B0D-44A7-94C8-71C3C8663B7E}.Release|Any CPU.ActiveCfg = Release|Any CPU
		{A29ACA8D-8B0D-44A7-94C8-71C3C8663B7E}.Release|Any CPU.Build.0 = Release|Any CPU
	EndGlobalSection
	GlobalSection(SolutionProperties) = preSolution
		HideSolutionNode = FALSE
	EndGlobalSection
	GlobalSection(ExtensibilityGlobals) = postSolution
		SolutionGuid = {F7181C83-115B-40D6-8495-81A9C9FAED2B}
	EndGlobalSection
EndGlobal
