
Microsoft Visual Studio Solution File, Format Version 12.00
# Visual Studio Version 16
VisualStudioVersion = 16.0.34031.81
MinimumVisualStudioVersion = 10.0.40219.1
Project("{FAE04EC0-301F-11D3-BF4B-00C04F79EFBC}") = "MathAndComparisonOperators", "MathAndComparisonOperators\MathAndComparisonOperators.csproj", "{9161104F-D03E-4091-ACCE-461846FF7624}"
EndProject
Global
	GlobalSection(SolutionConfigurationPlatforms) = preSolution
		Debug|Any CPU = Debug|Any CPU
		Release|Any CPU = Release|Any CPU
	EndGlobalSection
	GlobalSection(ProjectConfigurationPlatforms) = postSolution
		{9161104F-D03E-4091-ACCE-461846FF7624}.Debug|Any CPU.ActiveCfg = Debug|Any CPU
		{9161104F-D03E-4091-ACCE-461846FF7624}.Debug|Any CPU.Build.0 = Debug|Any CPU
		{9161104F-D03E-4091-ACCE-461846FF7624}.Release|Any CPU.ActiveCfg = Release|Any CPU
		{9161104F-D03E-4091-ACCE-461846FF7624}.Release|Any CPU.Build.0 = Release|Any CPU
	EndGlobalSection
	GlobalSection(SolutionProperties) = preSolution
		HideSolutionNode = FALSE
	EndGlobalSection
	GlobalSection(ExtensibilityGlobals) = postSolution
		SolutionGuid = {E407A735-1881-4CEF-9495-90E4BC8D12EC}
	EndGlobalSection
EndGlobal
